
Microsoft Visual Studio Solution File, Format Version 12.00
# Visual Studio 15
VisualStudioVersion = 15.0.27004.2002
MinimumVisualStudioVersion = 10.0.40219.1
Project("{FAE04EC0-301F-11D3-BF4B-00C04F79EFBC}") = "Mango", "Mango\Mango.csproj", "{55FEAC53-1844-4553-BB50-75540FC78BB0}"
EndProject
Global
	GlobalSection(SolutionConfigurationPlatforms) = preSolution
		Debug|Any CPU = Debug|Any CPU
		Release|Any CPU = Release|Any CPU
	EndGlobalSection
	GlobalSection(ProjectConfigurationPlatforms) = postSolution
		{55FEAC53-1844-4553-BB50-75540FC78BB0}.Debug|Any CPU.ActiveCfg = Debug|Any CPU
		{55FEAC53-1844-4553-BB50-75540FC78BB0}.Debug|Any CPU.Build.0 = Debug|Any CPU
		{55FEAC53-1844-4553-BB50-75540FC78BB0}.Release|Any CPU.ActiveCfg = Release|Any CPU
		{55FEAC53-1844-4553-BB50-75540FC78BB0}.Release|Any CPU.Build.0 = Release|Any CPU
	EndGlobalSection
	GlobalSection(SolutionProperties) = preSolution
		HideSolutionNode = FALSE
	EndGlobalSection
	GlobalSection(ExtensibilityGlobals) = postSolution
		SolutionGuid = {CDDE01FD-AEC2-4609-BD13-3A4EEECD695A}
	EndGlobalSection
EndGlobal
